PODS:
  - Masonry (0.6.4)
  - MJRefresh (3.1.0)
  - Shimmer (1.0.2)
  - UITableView+FDTemplateLayoutCell (1.4)
  - WSProgressHUD (1.1.0):
    - Shimmer

DEPENDENCIES:
  - Masonry (~> 0.6.4)
  - MJRefresh (~> 3.1.0)
  - UITableView+FDTemplateLayoutCell (~> 1.4)
  - WSProgressHUD (~> 1.1.0)

SPEC CHECKSUMS:
  Masonry: 281802d04d787ea2973179ee8bcb50500579ede2
  MJRefresh: 743e6404967d1c2c688472ea3ecfde247d872db4
  Shimmer: c5374be1c2b0c9e292fb05b339a513cf291cac86
  UITableView+FDTemplateLayoutCell: 234e1582bcc4e18461af91155123bb96538ed030
  WSProgressHUD: 1304d6445ca683dfc71c48a43c9e9d0d6ad021c9

COCOAPODS: 0.39.0
