// !$*UTF8*$!
{
	archiveVersion = 1;
	classes = {
	};
	objectVersion = 46;
	objects = {

/* Begin PBXBuildFile section */
		2669D56DD0714358F83FC980 /* libPods-YuXin.a in Frameworks */ = {isa = PBXBuildFile; fileRef = 0D88FEAC9FB8826027229EC8 /* libPods-YuXin.a */; };
		F404EF0E1DA200D1004109E9 /* UIViewController+DPExtension.m in Sources */ = {isa = PBXBuildFile; fileRef = F404EF0D1DA200D1004109E9 /* UIViewController+DPExtension.m */; };
		F404EF111DA26683004109E9 /* UIDevice+DPExtension.m in Sources */ = {isa = PBXBuildFile; fileRef = F404EF101DA26683004109E9 /* UIDevice+DPExtension.m */; };
		F404EF841DA35917004109E9 /* YuXinSDK.framework in Frameworks */ = {isa = PBXBuildFile; fileRef = F404EF831DA35917004109E9 /* YuXinSDK.framework */; };
		F404EF941DA525CA004109E9 /* UIKit.framework in Frameworks */ = {isa = PBXBuildFile; fileRef = F404EF931DA525CA004109E9 /* UIKit.framework */; };
		F404EF961DA525D6004109E9 /* Foundation.framework in Frameworks */ = {isa = PBXBuildFile; fileRef = F404EF951DA525D6004109E9 /* Foundation.framework */; };
		F4141DC51D34889A00286585 /* main.m in Sources */ = {isa = PBXBuildFile; fileRef = F4141DC41D34889A00286585 /* main.m */; };
		F4141DC81D34889A00286585 /* AppDelegate.m in Sources */ = {isa = PBXBuildFile; fileRef = F4141DC71D34889A00286585 /* AppDelegate.m */; };
		F4141DCE1D34889A00286585 /* Main.storyboard in Resources */ = {isa = PBXBuildFile; fileRef = F4141DCC1D34889A00286585 /* Main.storyboard */; };
		F4141DDE1D34889A00286585 /* YuXinTests.m in Sources */ = {isa = PBXBuildFile; fileRef = F4141DDD1D34889A00286585 /* YuXinTests.m */; };
		F4141DE91D34889A00286585 /* YuXinUITests.m in Sources */ = {isa = PBXBuildFile; fileRef = F4141DE81D34889A00286585 /* YuXinUITests.m */; };
		F43AE9601D3769380060020F /* libiconv.2.tbd in Frameworks */ = {isa = PBXBuildFile; fileRef = F43AE95F1D3769380060020F /* libiconv.2.tbd */; };
		F43AE9671D3773CA0060020F /* LaunchScreen.storyboard in Resources */ = {isa = PBXBuildFile; fileRef = F43AE9651D3773CA0060020F /* LaunchScreen.storyboard */; };
		F43AE96A1D377E1C0060020F /* UserHelper.m in Sources */ = {isa = PBXBuildFile; fileRef = F43AE9691D377E1C0060020F /* UserHelper.m */; };
		F43AE9A51D3872610060020F /* DPLoginViewController.m in Sources */ = {isa = PBXBuildFile; fileRef = F43AE9A41D3872610060020F /* DPLoginViewController.m */; };
		F43AE9AD1D3884490060020F /* DPLaunchViewController.m in Sources */ = {isa = PBXBuildFile; fileRef = F43AE9AC1D3884490060020F /* DPLaunchViewController.m */; };
		F43AE9B01D3884AA0060020F /* DPMainViewController.m in Sources */ = {isa = PBXBuildFile; fileRef = F43AE9AF1D3884AA0060020F /* DPMainViewController.m */; };
		F43AE9B41D38BA140060020F /* DPArticleTitleViewController.m in Sources */ = {isa = PBXBuildFile; fileRef = F43AE9B31D38BA140060020F /* DPArticleTitleViewController.m */; };
		F43AE9B71D38BA8C0060020F /* DPArticleTitleCell.m in Sources */ = {isa = PBXBuildFile; fileRef = F43AE9B61D38BA8C0060020F /* DPArticleTitleCell.m */; };
		F43AE9D01D3A076E0060020F /* DPArticleDetailViewController.m in Sources */ = {isa = PBXBuildFile; fileRef = F43AE9CF1D3A076E0060020F /* DPArticleDetailViewController.m */; };
		F43AE9D31D3A07990060020F /* DPArticleDetailCell.m in Sources */ = {isa = PBXBuildFile; fileRef = F43AE9D21D3A07990060020F /* DPArticleDetailCell.m */; };
		F43AE9E41D3F5B290060020F /* DPBoardViewController.m in Sources */ = {isa = PBXBuildFile; fileRef = F43AE9E31D3F5B290060020F /* DPBoardViewController.m */; };
		F43AE9E71D3F61730060020F /* DPBoardCell.m in Sources */ = {isa = PBXBuildFile; fileRef = F43AE9E61D3F61730060020F /* DPBoardCell.m */; };
		F447F1861D56CE040079E39E /* DPFriendListViewController.m in Sources */ = {isa = PBXBuildFile; fileRef = F447F1851D56CE040079E39E /* DPFriendListViewController.m */; };
		F447F1891D56CE3F0079E39E /* DPFriendListCell.m in Sources */ = {isa = PBXBuildFile; fileRef = F447F1881D56CE3F0079E39E /* DPFriendListCell.m */; };
		F448F78E1D44953500BD1E5C /* DPTabBarItem.m in Sources */ = {isa = PBXBuildFile; fileRef = F448F78D1D44953500BD1E5C /* DPTabBarItem.m */; };
		F48EDBD21D62B4540077C731 /* DPPostArticleViewController.m in Sources */ = {isa = PBXBuildFile; fileRef = F48EDBD11D62B4540077C731 /* DPPostArticleViewController.m */; };
		F4B7C47D1D446AFC00E2E92E /* DPProfileCell.m in Sources */ = {isa = PBXBuildFile; fileRef = F4B7C4781D446AFC00E2E92E /* DPProfileCell.m */; };
		F4B7C47E1D446AFC00E2E92E /* DPProfileItem.m in Sources */ = {isa = PBXBuildFile; fileRef = F4B7C47A1D446AFC00E2E92E /* DPProfileItem.m */; };
		F4B7C47F1D446AFC00E2E92E /* DPProfileViewController.m in Sources */ = {isa = PBXBuildFile; fileRef = F4B7C47C1D446AFC00E2E92E /* DPProfileViewController.m */; };
		F4B7C5091D44822C00E2E92E /* DPTabBar.m in Sources */ = {isa = PBXBuildFile; fileRef = F4B7C5081D44822C00E2E92E /* DPTabBar.m */; };
		F4C62DA21D43A93000538C03 /* DPAllPartViewController.m in Sources */ = {isa = PBXBuildFile; fileRef = F4C62DA11D43A93000538C03 /* DPAllPartViewController.m */; };
		F4C62DA51D43C25E00538C03 /* VVSpringCollectionViewFlowLayout.m in Sources */ = {isa = PBXBuildFile; fileRef = F4C62DA41D43C25E00538C03 /* VVSpringCollectionViewFlowLayout.m */; };
		F4C62DA81D43C7F000538C03 /* DPAllPartCell.m in Sources */ = {isa = PBXBuildFile; fileRef = F4C62DA71D43C7F000538C03 /* DPAllPartCell.m */; };
		F4D6D2F81D65CBA300453A17 /* DPTintView.m in Sources */ = {isa = PBXBuildFile; fileRef = F4D6D2F71D65CBA300453A17 /* DPTintView.m */; };
		F4DB91791D68A6C500A718C8 /* UIViewController+MailComposer.m in Sources */ = {isa = PBXBuildFile; fileRef = F4DB91781D68A6C500A718C8 /* UIViewController+MailComposer.m */; };
		F4EA423F1D6437F400D3C6D1 /* NSString+DPExtension.m in Sources */ = {isa = PBXBuildFile; fileRef = F4EA423A1D6437F400D3C6D1 /* NSString+DPExtension.m */; };
		F4EA42401D6437F400D3C6D1 /* WSProgressHUD+DPExtension.m in Sources */ = {isa = PBXBuildFile; fileRef = F4EA423C1D6437F400D3C6D1 /* WSProgressHUD+DPExtension.m */; };
		F4EA42411D6437F400D3C6D1 /* Assets.xcassets in Resources */ = {isa = PBXBuildFile; fileRef = F4EA423E1D6437F400D3C6D1 /* Assets.xcassets */; };
		F4EA42441D6438FA00D3C6D1 /* DPUserInfoViewController.m in Sources */ = {isa = PBXBuildFile; fileRef = F4EA42431D6438FA00D3C6D1 /* DPUserInfoViewController.m */; };
		F4EA42471D64418D00D3C6D1 /* DPUserInfoCell.m in Sources */ = {isa = PBXBuildFile; fileRef = F4EA42461D64418D00D3C6D1 /* DPUserInfoCell.m */; };
/* End PBXBuildFile section */

/* Begin PBXContainerItemProxy section */
		F4141DDA1D34889A00286585 /* PBXContainerItemProxy */ = {
			isa = PBXContainerItemProxy;
			containerPortal = F4141DB81D34889A00286585 /* Project object */;
			proxyType = 1;
			remoteGlobalIDString = F4141DBF1D34889A00286585;
			remoteInfo = YuXin;
		};
		F4141DE51D34889A00286585 /* PBXContainerItemProxy */ = {
			isa = PBXContainerItemProxy;
			containerPortal = F4141DB81D34889A00286585 /* Project object */;
			proxyType = 1;
			remoteGlobalIDString = F4141DBF1D34889A00286585;
			remoteInfo = YuXin;
		};
/* End PBXContainerItemProxy section */

/* Begin PBXFileReference section */
		0D88FEAC9FB8826027229EC8 /* libPods-YuXin.a */ = {isa = PBXFileReference; explicitFileType = archive.ar; includeInIndex = 0; path = "libPods-YuXin.a"; sourceTree = BUILT_PRODUCTS_DIR; };
		23AE5F2DA7D8C9AFEDE1C349 /* Pods-YuXin.release.xcconfig */ = {isa = PBXFileReference; includeInIndex = 1; lastKnownFileType = text.xcconfig; name = "Pods-YuXin.release.xcconfig"; path = "Pods/Target Support Files/Pods-YuXin/Pods-YuXin.release.xcconfig"; sourceTree = "<group>"; };
		A48EDBFA22772AC1E15AF072 /* Pods-YuXin.debug.xcconfig */ = {isa = PBXFileReference; includeInIndex = 1; lastKnownFileType = text.xcconfig; name = "Pods-YuXin.debug.xcconfig"; path = "Pods/Target Support Files/Pods-YuXin/Pods-YuXin.debug.xcconfig"; sourceTree = "<group>"; };
		F404EF0C1DA200D1004109E9 /* UIViewController+DPExtension.h */ = {isa = PBXFileReference; fileEncoding = 4; lastKnownFileType = sourcecode.c.h; path = "UIViewController+DPExtension.h"; sourceTree = "<group>"; };
		F404EF0D1DA200D1004109E9 /* UIViewController+DPExtension.m */ = {isa = PBXFileReference; fileEncoding = 4; lastKnownFileType = sourcecode.c.objc; path = "UIViewController+DPExtension.m"; sourceTree = "<group>"; };
		F404EF0F1DA26683004109E9 /* UIDevice+DPExtension.h */ = {isa = PBXFileReference; fileEncoding = 4; lastKnownFileType = sourcecode.c.h; path = "UIDevice+DPExtension.h"; sourceTree = "<group>"; };
		F404EF101DA26683004109E9 /* UIDevice+DPExtension.m */ = {isa = PBXFileReference; fileEncoding = 4; lastKnownFileType = sourcecode.c.objc; path = "UIDevice+DPExtension.m"; sourceTree = "<group>"; };
		F404EF831DA35917004109E9 /* YuXinSDK.framework */ = {isa = PBXFileReference; lastKnownFileType = wrapper.framework; path = YuXinSDK.framework; sourceTree = "<group>"; };
		F404EF931DA525CA004109E9 /* UIKit.framework */ = {isa = PBXFileReference; lastKnownFileType = wrapper.framework; name = UIKit.framework; path = System/Library/Frameworks/UIKit.framework; sourceTree = SDKROOT; };
		F404EF951DA525D6004109E9 /* Foundation.framework */ = {isa = PBXFileReference; lastKnownFileType = wrapper.framework; name = Foundation.framework; path = System/Library/Frameworks/Foundation.framework; sourceTree = SDKROOT; };
		F4141DC01D34889A00286585 /* 喻信星空.app */ = {isa = PBXFileReference; explicitFileType = wrapper.application; includeInIndex = 0; path = "喻信星空.app"; sourceTree = BUILT_PRODUCTS_DIR; };
		F4141DC41D34889A00286585 /* main.m */ = {isa = PBXFileReference; lastKnownFileType = sourcecode.c.objc; path = main.m; sourceTree = "<group>"; };
		F4141DC61D34889A00286585 /* AppDelegate.h */ = {isa = PBXFileReference; lastKnownFileType = sourcecode.c.h; path = AppDelegate.h; sourceTree = "<group>"; };
		F4141DC71D34889A00286585 /* AppDelegate.m */ = {isa = PBXFileReference; lastKnownFileType = sourcecode.c.objc; path = AppDelegate.m; sourceTree = "<group>"; };
		F4141DCD1D34889A00286585 /* Base */ = {isa = PBXFileReference; lastKnownFileType = file.storyboard; name = Base; path = Base.lproj/Main.storyboard; sourceTree = "<group>"; };
		F4141DD41D34889A00286585 /* Info.plist */ = {isa = PBXFileReference; lastKnownFileType = text.plist.xml; path = Info.plist; sourceTree = "<group>"; };
		F4141DD91D34889A00286585 /* YuXinTests.xctest */ = {isa = PBXFileReference; explicitFileType = wrapper.cfbundle; includeInIndex = 0; path = YuXinTests.xctest; sourceTree = BUILT_PRODUCTS_DIR; };
		F4141DDD1D34889A00286585 /* YuXinTests.m */ = {isa = PBXFileReference; lastKnownFileType = sourcecode.c.objc; path = YuXinTests.m; sourceTree = "<group>"; };
		F4141DDF1D34889A00286585 /* Info.plist */ = {isa = PBXFileReference; lastKnownFileType = text.plist.xml; path = Info.plist; sourceTree = "<group>"; };
		F4141DE41D34889A00286585 /* YuXinUITests.xctest */ = {isa = PBXFileReference; explicitFileType = wrapper.cfbundle; includeInIndex = 0; path = YuXinUITests.xctest; sourceTree = BUILT_PRODUCTS_DIR; };
		F4141DE81D34889A00286585 /* YuXinUITests.m */ = {isa = PBXFileReference; lastKnownFileType = sourcecode.c.objc; path = YuXinUITests.m; sourceTree = "<group>"; };
		F4141DEA1D34889A00286585 /* Info.plist */ = {isa = PBXFileReference; lastKnownFileType = text.plist.xml; path = Info.plist; sourceTree = "<group>"; };
		F43AE95F1D3769380060020F /* libiconv.2.tbd */ = {isa = PBXFileReference; lastKnownFileType = "sourcecode.text-based-dylib-definition"; name = libiconv.2.tbd; path = usr/lib/libiconv.2.tbd; sourceTree = SDKROOT; };
		F43AE9661D3773CA0060020F /* Base */ = {isa = PBXFileReference; lastKnownFileType = file.storyboard; name = Base; path = Base.lproj/LaunchScreen.storyboard; sourceTree = "<group>"; };
		F43AE9681D377E1C0060020F /* UserHelper.h */ = {isa = PBXFileReference; fileEncoding = 4; lastKnownFileType = sourcecode.c.h; path = UserHelper.h; sourceTree = "<group>"; };
		F43AE9691D377E1C0060020F /* UserHelper.m */ = {isa = PBXFileReference; fileEncoding = 4; lastKnownFileType = sourcecode.c.objc; path = UserHelper.m; sourceTree = "<group>"; };
		F43AE96C1D3780810060020F /* DPNotifications.h */ = {isa = PBXFileReference; fileEncoding = 4; lastKnownFileType = sourcecode.c.h; path = DPNotifications.h; sourceTree = "<group>"; };
		F43AE9A31D3872610060020F /* DPLoginViewController.h */ = {isa = PBXFileReference; fileEncoding = 4; lastKnownFileType = sourcecode.c.h; path = DPLoginViewController.h; sourceTree = "<group>"; };
		F43AE9A41D3872610060020F /* DPLoginViewController.m */ = {isa = PBXFileReference; fileEncoding = 4; lastKnownFileType = sourcecode.c.objc; path = DPLoginViewController.m; sourceTree = "<group>"; };
		F43AE9AB1D3884490060020F /* DPLaunchViewController.h */ = {isa = PBXFileReference; fileEncoding = 4; lastKnownFileType = sourcecode.c.h; path = DPLaunchViewController.h; sourceTree = "<group>"; };
		F43AE9AC1D3884490060020F /* DPLaunchViewController.m */ = {isa = PBXFileReference; fileEncoding = 4; lastKnownFileType = sourcecode.c.objc; path = DPLaunchViewController.m; sourceTree = "<group>"; };
		F43AE9AE1D3884AA0060020F /* DPMainViewController.h */ = {isa = PBXFileReference; fileEncoding = 4; lastKnownFileType = sourcecode.c.h; path = DPMainViewController.h; sourceTree = "<group>"; };
		F43AE9AF1D3884AA0060020F /* DPMainViewController.m */ = {isa = PBXFileReference; fileEncoding = 4; lastKnownFileType = sourcecode.c.objc; path = DPMainViewController.m; sourceTree = "<group>"; };
		F43AE9B21D38BA140060020F /* DPArticleTitleViewController.h */ = {isa = PBXFileReference; fileEncoding = 4; lastKnownFileType = sourcecode.c.h; path = DPArticleTitleViewController.h; sourceTree = "<group>"; };
		F43AE9B31D38BA140060020F /* DPArticleTitleViewController.m */ = {isa = PBXFileReference; fileEncoding = 4; lastKnownFileType = sourcecode.c.objc; path = DPArticleTitleViewController.m; sourceTree = "<group>"; };
		F43AE9B51D38BA8C0060020F /* DPArticleTitleCell.h */ = {isa = PBXFileReference; fileEncoding = 4; lastKnownFileType = sourcecode.c.h; path = DPArticleTitleCell.h; sourceTree = "<group>"; };
		F43AE9B61D38BA8C0060020F /* DPArticleTitleCell.m */ = {isa = PBXFileReference; fileEncoding = 4; lastKnownFileType = sourcecode.c.objc; path = DPArticleTitleCell.m; sourceTree = "<group>"; };
		F43AE9B81D38C5AF0060020F /* PrefixHeader.pch */ = {isa = PBXFileReference; fileEncoding = 4; lastKnownFileType = sourcecode.c.h; path = PrefixHeader.pch; sourceTree = "<group>"; };
		F43AE9B91D38CEC90060020F /* RateForFit.h */ = {isa = PBXFileReference; fileEncoding = 4; lastKnownFileType = sourcecode.c.h; path = RateForFit.h; sourceTree = "<group>"; };
		F43AE9BA1D38DD0C0060020F /* GlobalColors.h */ = {isa = PBXFileReference; fileEncoding = 4; lastKnownFileType = sourcecode.c.h; path = GlobalColors.h; sourceTree = "<group>"; };
		F43AE9CE1D3A076E0060020F /* DPArticleDetailViewController.h */ = {isa = PBXFileReference; fileEncoding = 4; lastKnownFileType = sourcecode.c.h; path = DPArticleDetailViewController.h; sourceTree = "<group>"; };
		F43AE9CF1D3A076E0060020F /* DPArticleDetailViewController.m */ = {isa = PBXFileReference; fileEncoding = 4; lastKnownFileType = sourcecode.c.objc; path = DPArticleDetailViewController.m; sourceTree = "<group>"; };
		F43AE9D11D3A07990060020F /* DPArticleDetailCell.h */ = {isa = PBXFileReference; fileEncoding = 4; lastKnownFileType = sourcecode.c.h; path = DPArticleDetailCell.h; sourceTree = "<group>"; };
		F43AE9D21D3A07990060020F /* DPArticleDetailCell.m */ = {isa = PBXFileReference; fileEncoding = 4; lastKnownFileType = sourcecode.c.objc; path = DPArticleDetailCell.m; sourceTree = "<group>"; };
		F43AE9D51D3A190B0060020F /* Globals.h */ = {isa = PBXFileReference; fileEncoding = 4; lastKnownFileType = sourcecode.c.h; path = Globals.h; sourceTree = "<group>"; };
		F43AE9E21D3F5B290060020F /* DPBoardViewController.h */ = {isa = PBXFileReference; fileEncoding = 4; lastKnownFileType = sourcecode.c.h; path = DPBoardViewController.h; sourceTree = "<group>"; };
		F43AE9E31D3F5B290060020F /* DPBoardViewController.m */ = {isa = PBXFileReference; fileEncoding = 4; lastKnownFileType = sourcecode.c.objc; path = DPBoardViewController.m; sourceTree = "<group>"; };
		F43AE9E51D3F61730060020F /* DPBoardCell.h */ = {isa = PBXFileReference; fileEncoding = 4; lastKnownFileType = sourcecode.c.h; path = DPBoardCell.h; sourceTree = "<group>"; };
		F43AE9E61D3F61730060020F /* DPBoardCell.m */ = {isa = PBXFileReference; fileEncoding = 4; lastKnownFileType = sourcecode.c.objc; path = DPBoardCell.m; sourceTree = "<group>"; };
		F447F1841D56CE040079E39E /* DPFriendListViewController.h */ = {isa = PBXFileReference; fileEncoding = 4; lastKnownFileType = sourcecode.c.h; path = DPFriendListViewController.h; sourceTree = "<group>"; };
		F447F1851D56CE040079E39E /* DPFriendListViewController.m */ = {isa = PBXFileReference; fileEncoding = 4; lastKnownFileType = sourcecode.c.objc; path = DPFriendListViewController.m; sourceTree = "<group>"; };
		F447F1871D56CE3F0079E39E /* DPFriendListCell.h */ = {isa = PBXFileReference; fileEncoding = 4; lastKnownFileType = sourcecode.c.h; path = DPFriendListCell.h; sourceTree = "<group>"; };
		F447F1881D56CE3F0079E39E /* DPFriendListCell.m */ = {isa = PBXFileReference; fileEncoding = 4; lastKnownFileType = sourcecode.c.objc; path = DPFriendListCell.m; sourceTree = "<group>"; };
		F448F78C1D44953500BD1E5C /* DPTabBarItem.h */ = {isa = PBXFileReference; fileEncoding = 4; lastKnownFileType = sourcecode.c.h; path = DPTabBarItem.h; sourceTree = "<group>"; };
		F448F78D1D44953500BD1E5C /* DPTabBarItem.m */ = {isa = PBXFileReference; fileEncoding = 4; lastKnownFileType = sourcecode.c.objc; path = DPTabBarItem.m; sourceTree = "<group>"; };
		F48EDBD01D62B4540077C731 /* DPPostArticleViewController.h */ = {isa = PBXFileReference; fileEncoding = 4; lastKnownFileType = sourcecode.c.h; path = DPPostArticleViewController.h; sourceTree = "<group>"; };
		F48EDBD11D62B4540077C731 /* DPPostArticleViewController.m */ = {isa = PBXFileReference; fileEncoding = 4; lastKnownFileType = sourcecode.c.objc; path = DPPostArticleViewController.m; sourceTree = "<group>"; };
		F4B7C4771D446AFC00E2E92E /* DPProfileCell.h */ = {isa = PBXFileReference; fileEncoding = 4; lastKnownFileType = sourcecode.c.h; path = DPProfileCell.h; sourceTree = "<group>"; };
		F4B7C4781D446AFC00E2E92E /* DPProfileCell.m */ = {isa = PBXFileReference; fileEncoding = 4; lastKnownFileType = sourcecode.c.objc; path = DPProfileCell.m; sourceTree = "<group>"; };
		F4B7C4791D446AFC00E2E92E /* DPProfileItem.h */ = {isa = PBXFileReference; fileEncoding = 4; lastKnownFileType = sourcecode.c.h; path = DPProfileItem.h; sourceTree = "<group>"; };
		F4B7C47A1D446AFC00E2E92E /* DPProfileItem.m */ = {isa = PBXFileReference; fileEncoding = 4; lastKnownFileType = sourcecode.c.objc; path = DPProfileItem.m; sourceTree = "<group>"; };
		F4B7C47B1D446AFC00E2E92E /* DPProfileViewController.h */ = {isa = PBXFileReference; fileEncoding = 4; lastKnownFileType = sourcecode.c.h; path = DPProfileViewController.h; sourceTree = "<group>"; };
		F4B7C47C1D446AFC00E2E92E /* DPProfileViewController.m */ = {isa = PBXFileReference; fileEncoding = 4; lastKnownFileType = sourcecode.c.objc; path = DPProfileViewController.m; sourceTree = "<group>"; };
		F4B7C5071D44822C00E2E92E /* DPTabBar.h */ = {isa = PBXFileReference; fileEncoding = 4; lastKnownFileType = sourcecode.c.h; path = DPTabBar.h; sourceTree = "<group>"; };
		F4B7C5081D44822C00E2E92E /* DPTabBar.m */ = {isa = PBXFileReference; fileEncoding = 4; lastKnownFileType = sourcecode.c.objc; path = DPTabBar.m; sourceTree = "<group>"; };
		F4C62DA01D43A93000538C03 /* DPAllPartViewController.h */ = {isa = PBXFileReference; fileEncoding = 4; lastKnownFileType = sourcecode.c.h; path = DPAllPartViewController.h; sourceTree = "<group>"; };
		F4C62DA11D43A93000538C03 /* DPAllPartViewController.m */ = {isa = PBXFileReference; fileEncoding = 4; lastKnownFileType = sourcecode.c.objc; path = DPAllPartViewController.m; sourceTree = "<group>"; };
		F4C62DA31D43C25E00538C03 /* VVSpringCollectionViewFlowLayout.h */ = {isa = PBXFileReference; fileEncoding = 4; lastKnownFileType = sourcecode.c.h; path = VVSpringCollectionViewFlowLayout.h; sourceTree = "<group>"; };
		F4C62DA41D43C25E00538C03 /* VVSpringCollectionViewFlowLayout.m */ = {isa = PBXFileReference; fileEncoding = 4; lastKnownFileType = sourcecode.c.objc; path = VVSpringCollectionViewFlowLayout.m; sourceTree = "<group>"; };
		F4C62DA61D43C7F000538C03 /* DPAllPartCell.h */ = {isa = PBXFileReference; fileEncoding = 4; lastKnownFileType = sourcecode.c.h; path = DPAllPartCell.h; sourceTree = "<group>"; };
		F4C62DA71D43C7F000538C03 /* DPAllPartCell.m */ = {isa = PBXFileReference; fileEncoding = 4; lastKnownFileType = sourcecode.c.objc; path = DPAllPartCell.m; sourceTree = "<group>"; };
		F4D6D2F61D65CBA300453A17 /* DPTintView.h */ = {isa = PBXFileReference; fileEncoding = 4; lastKnownFileType = sourcecode.c.h; path = DPTintView.h; sourceTree = "<group>"; };
		F4D6D2F71D65CBA300453A17 /* DPTintView.m */ = {isa = PBXFileReference; fileEncoding = 4; lastKnownFileType = sourcecode.c.objc; path = DPTintView.m; sourceTree = "<group>"; };
		F4DB91771D68A6C500A718C8 /* UIViewController+MailComposer.h */ = {isa = PBXFileReference; fileEncoding = 4; lastKnownFileType = sourcecode.c.h; path = "UIViewController+MailComposer.h"; sourceTree = "<group>"; };
		F4DB91781D68A6C500A718C8 /* UIViewController+MailComposer.m */ = {isa = PBXFileReference; fileEncoding = 4; lastKnownFileType = sourcecode.c.objc; path = "UIViewController+MailComposer.m"; sourceTree = "<group>"; };
		F4EA42391D6437F400D3C6D1 /* NSString+DPExtension.h */ = {isa = PBXFileReference; fileEncoding = 4; lastKnownFileType = sourcecode.c.h; path = "NSString+DPExtension.h"; sourceTree = "<group>"; };
		F4EA423A1D6437F400D3C6D1 /* NSString+DPExtension.m */ = {isa = PBXFileReference; fileEncoding = 4; lastKnownFileType = sourcecode.c.objc; path = "NSString+DPExtension.m"; sourceTree = "<group>"; };
		F4EA423B1D6437F400D3C6D1 /* WSProgressHUD+DPExtension.h */ = {isa = PBXFileReference; fileEncoding = 4; lastKnownFileType = sourcecode.c.h; path = "WSProgressHUD+DPExtension.h"; sourceTree = "<group>"; };
		F4EA423C1D6437F400D3C6D1 /* WSProgressHUD+DPExtension.m */ = {isa = PBXFileReference; fileEncoding = 4; lastKnownFileType = sourcecode.c.objc; path = "WSProgressHUD+DPExtension.m"; sourceTree = "<group>"; };
		F4EA423E1D6437F400D3C6D1 /* Assets.xcassets */ = {isa = PBXFileReference; lastKnownFileType = folder.assetcatalog; path = Assets.xcassets; sourceTree = "<group>"; };
		F4EA42421D6438FA00D3C6D1 /* DPUserInfoViewController.h */ = {isa = PBXFileReference; fileEncoding = 4; lastKnownFileType = sourcecode.c.h; path = DPUserInfoViewController.h; sourceTree = "<group>"; };
		F4EA42431D6438FA00D3C6D1 /* DPUserInfoViewController.m */ = {isa = PBXFileReference; fileEncoding = 4; lastKnownFileType = sourcecode.c.objc; path = DPUserInfoViewController.m; sourceTree = "<group>"; };
		F4EA42451D64418D00D3C6D1 /* DPUserInfoCell.h */ = {isa = PBXFileReference; fileEncoding = 4; lastKnownFileType = sourcecode.c.h; path = DPUserInfoCell.h; sourceTree = "<group>"; };
		F4EA42461D64418D00D3C6D1 /* DPUserInfoCell.m */ = {isa = PBXFileReference; fileEncoding = 4; lastKnownFileType = sourcecode.c.objc; path = DPUserInfoCell.m; sourceTree = "<group>"; };
/* End PBXFileReference section */

/* Begin PBXFrameworksBuildPhase section */
		F4141DBD1D34889A00286585 /* Frameworks */ = {
			isa = PBXFrameworksBuildPhase;
			buildActionMask = 2147483647;
			files = (
				F404EF961DA525D6004109E9 /* Foundation.framework in Frameworks */,
				F404EF941DA525CA004109E9 /* UIKit.framework in Frameworks */,
				F404EF841DA35917004109E9 /* YuXinSDK.framework in Frameworks */,
				F43AE9601D3769380060020F /* libiconv.2.tbd in Frameworks */,
				2669D56DD0714358F83FC980 /* libPods-YuXin.a in Frameworks */,
			);
			runOnlyForDeploymentPostprocessing = 0;
		};
		F4141DD61D34889A00286585 /* Frameworks */ = {
			isa = PBXFrameworksBuildPhase;
			buildActionMask = 2147483647;
			files = (
			);
			runOnlyForDeploymentPostprocessing = 0;
		};
		F4141DE11D34889A00286585 /* Frameworks */ = {
			isa = PBXFrameworksBuildPhase;
			buildActionMask = 2147483647;
			files = (
			);
			runOnlyForDeploymentPostprocessing = 0;
		};
/* End PBXFrameworksBuildPhase section */

/* Begin PBXGroup section */
		52C2BA595149120252C5DBC4 /* Pods */ = {
			isa = PBXGroup;
			children = (
				A48EDBFA22772AC1E15AF072 /* Pods-YuXin.debug.xcconfig */,
				23AE5F2DA7D8C9AFEDE1C349 /* Pods-YuXin.release.xcconfig */,
			);
			name = Pods;
			sourceTree = "<group>";
		};
		F4141DB71D34889A00286585 = {
			isa = PBXGroup;
			children = (
				F4141DC21D34889A00286585 /* YuXin */,
				F43AE9B11D38864F0060020F /* Frameworks */,
				F4141DDC1D34889A00286585 /* YuXinTests */,
				F4141DE71D34889A00286585 /* YuXinUITests */,
				F4141DC11D34889A00286585 /* Products */,
				52C2BA595149120252C5DBC4 /* Pods */,
			);
			sourceTree = "<group>";
		};
		F4141DC11D34889A00286585 /* Products */ = {
			isa = PBXGroup;
			children = (
				F4141DC01D34889A00286585 /* 喻信星空.app */,
				F4141DD91D34889A00286585 /* YuXinTests.xctest */,
				F4141DE41D34889A00286585 /* YuXinUITests.xctest */,
			);
			name = Products;
			sourceTree = "<group>";
		};
		F4141DC21D34889A00286585 /* YuXin */ = {
			isa = PBXGroup;
			children = (
				F404EF831DA35917004109E9 /* YuXinSDK.framework */,
				F4D6D2F51D65CB3A00453A17 /* Utils */,
				F4EA42381D6437F400D3C6D1 /* Category */,
				F4EA423D1D6437F400D3C6D1 /* Resources */,
				F43AE96B1D3780560060020F /* Headers */,
				F4141DF61D3499D600286585 /* Module */,
				F4141DC61D34889A00286585 /* AppDelegate.h */,
				F4141DC71D34889A00286585 /* AppDelegate.m */,
				F4141DCC1D34889A00286585 /* Main.storyboard */,
				F43AE9651D3773CA0060020F /* LaunchScreen.storyboard */,
				F4141DD41D34889A00286585 /* Info.plist */,
				F4141DC31D34889A00286585 /* Supporting Files */,
			);
			path = YuXin;
			sourceTree = "<group>";
		};
		F4141DC31D34889A00286585 /* Supporting Files */ = {
			isa = PBXGroup;
			children = (
				F4141DC41D34889A00286585 /* main.m */,
			);
			name = "Supporting Files";
			sourceTree = "<group>";
		};
		F4141DDC1D34889A00286585 /* YuXinTests */ = {
			isa = PBXGroup;
			children = (
				F4141DDD1D34889A00286585 /* YuXinTests.m */,
				F4141DDF1D34889A00286585 /* Info.plist */,
			);
			path = YuXinTests;
			sourceTree = "<group>";
		};
		F4141DE71D34889A00286585 /* YuXinUITests */ = {
			isa = PBXGroup;
			children = (
				F4141DE81D34889A00286585 /* YuXinUITests.m */,
				F4141DEA1D34889A00286585 /* Info.plist */,
			);
			path = YuXinUITests;
			sourceTree = "<group>";
		};
		F4141DF61D3499D600286585 /* Module */ = {
			isa = PBXGroup;
			children = (
				F447F1831D56CD8C0079E39E /* Friend */,
				F4B7C4761D446AFC00E2E92E /* Profile */,
				F4C62D9C1D439D8E00538C03 /* AllPart */,
				F43AE9A61D3884290060020F /* Article */,
				F43AE9A71D3884290060020F /* Board */,
				F43AE9A81D3884290060020F /* Launch */,
				F43AE9A91D3884290060020F /* Main */,
				F47D908F1D369AB700DF831D /* Login */,
				F47D90901D369AB700DF831D /* User */,
			);
			path = Module;
			sourceTree = "<group>";
		};
		F43AE96B1D3780560060020F /* Headers */ = {
			isa = PBXGroup;
			children = (
				F43AE96C1D3780810060020F /* DPNotifications.h */,
				F43AE9B81D38C5AF0060020F /* PrefixHeader.pch */,
				F43AE9B91D38CEC90060020F /* RateForFit.h */,
				F43AE9BA1D38DD0C0060020F /* GlobalColors.h */,
				F43AE9D51D3A190B0060020F /* Globals.h */,
			);
			path = Headers;
			sourceTree = "<group>";
		};
		F43AE9A61D3884290060020F /* Article */ = {
			isa = PBXGroup;
			children = (
				F43AE9B21D38BA140060020F /* DPArticleTitleViewController.h */,
				F43AE9B31D38BA140060020F /* DPArticleTitleViewController.m */,
				F43AE9B51D38BA8C0060020F /* DPArticleTitleCell.h */,
				F43AE9B61D38BA8C0060020F /* DPArticleTitleCell.m */,
				F43AE9CE1D3A076E0060020F /* DPArticleDetailViewController.h */,
				F43AE9CF1D3A076E0060020F /* DPArticleDetailViewController.m */,
				F43AE9D11D3A07990060020F /* DPArticleDetailCell.h */,
				F43AE9D21D3A07990060020F /* DPArticleDetailCell.m */,
				F48EDBD01D62B4540077C731 /* DPPostArticleViewController.h */,
				F48EDBD11D62B4540077C731 /* DPPostArticleViewController.m */,
			);
			path = Article;
			sourceTree = "<group>";
		};
		F43AE9A71D3884290060020F /* Board */ = {
			isa = PBXGroup;
			children = (
				F43AE9E21D3F5B290060020F /* DPBoardViewController.h */,
				F43AE9E31D3F5B290060020F /* DPBoardViewController.m */,
				F43AE9E51D3F61730060020F /* DPBoardCell.h */,
				F43AE9E61D3F61730060020F /* DPBoardCell.m */,
			);
			path = Board;
			sourceTree = "<group>";
		};
		F43AE9A81D3884290060020F /* Launch */ = {
			isa = PBXGroup;
			children = (
				F43AE9AB1D3884490060020F /* DPLaunchViewController.h */,
				F43AE9AC1D3884490060020F /* DPLaunchViewController.m */,
			);
			path = Launch;
			sourceTree = "<group>";
		};
		F43AE9A91D3884290060020F /* Main */ = {
			isa = PBXGroup;
			children = (
				F43AE9AE1D3884AA0060020F /* DPMainViewController.h */,
				F43AE9AF1D3884AA0060020F /* DPMainViewController.m */,
				F4B7C5071D44822C00E2E92E /* DPTabBar.h */,
				F4B7C5081D44822C00E2E92E /* DPTabBar.m */,
				F448F78C1D44953500BD1E5C /* DPTabBarItem.h */,
				F448F78D1D44953500BD1E5C /* DPTabBarItem.m */,
			);
			path = Main;
			sourceTree = "<group>";
		};
		F43AE9B11D38864F0060020F /* Frameworks */ = {
			isa = PBXGroup;
			children = (
				F404EF951DA525D6004109E9 /* Foundation.framework */,
				F404EF931DA525CA004109E9 /* UIKit.framework */,
				F43AE95F1D3769380060020F /* libiconv.2.tbd */,
				0D88FEAC9FB8826027229EC8 /* libPods-YuXin.a */,
			);
			path = Frameworks;
			sourceTree = "<group>";
		};
		F447F1831D56CD8C0079E39E /* Friend */ = {
			isa = PBXGroup;
			children = (
				F447F1841D56CE040079E39E /* DPFriendListViewController.h */,
				F447F1851D56CE040079E39E /* DPFriendListViewController.m */,
				F447F1871D56CE3F0079E39E /* DPFriendListCell.h */,
				F447F1881D56CE3F0079E39E /* DPFriendListCell.m */,
			);
			path = Friend;
			sourceTree = "<group>";
		};
		F47D908F1D369AB700DF831D /* Login */ = {
			isa = PBXGroup;
			children = (
				F43AE9A31D3872610060020F /* DPLoginViewController.h */,
				F43AE9A41D3872610060020F /* DPLoginViewController.m */,
			);
			path = Login;
			sourceTree = "<group>";
		};
		F47D90901D369AB700DF831D /* User */ = {
			isa = PBXGroup;
			children = (
				F43AE9681D377E1C0060020F /* UserHelper.h */,
				F43AE9691D377E1C0060020F /* UserHelper.m */,
				F4EA42421D6438FA00D3C6D1 /* DPUserInfoViewController.h */,
				F4EA42431D6438FA00D3C6D1 /* DPUserInfoViewController.m */,
				F4EA42451D64418D00D3C6D1 /* DPUserInfoCell.h */,
				F4EA42461D64418D00D3C6D1 /* DPUserInfoCell.m */,
			);
			path = User;
			sourceTree = "<group>";
		};
		F4B7C4761D446AFC00E2E92E /* Profile */ = {
			isa = PBXGroup;
			children = (
				F4B7C4771D446AFC00E2E92E /* DPProfileCell.h */,
				F4B7C4781D446AFC00E2E92E /* DPProfileCell.m */,
				F4B7C4791D446AFC00E2E92E /* DPProfileItem.h */,
				F4B7C47A1D446AFC00E2E92E /* DPProfileItem.m */,
				F4B7C47B1D446AFC00E2E92E /* DPProfileViewController.h */,
				F4B7C47C1D446AFC00E2E92E /* DPProfileViewController.m */,
			);
			path = Profile;
			sourceTree = "<group>";
		};
		F4C62D9C1D439D8E00538C03 /* AllPart */ = {
			isa = PBXGroup;
			children = (
				F4C62DA31D43C25E00538C03 /* VVSpringCollectionViewFlowLayout.h */,
				F4C62DA41D43C25E00538C03 /* VVSpringCollectionViewFlowLayout.m */,
				F4C62DA01D43A93000538C03 /* DPAllPartViewController.h */,
				F4C62DA11D43A93000538C03 /* DPAllPartViewController.m */,
				F4C62DA61D43C7F000538C03 /* DPAllPartCell.h */,
				F4C62DA71D43C7F000538C03 /* DPAllPartCell.m */,
			);
			path = AllPart;
			sourceTree = "<group>";
		};
		F4D6D2F51D65CB3A00453A17 /* Utils */ = {
			isa = PBXGroup;
			children = (
				F4D6D2F61D65CBA300453A17 /* DPTintView.h */,
				F4D6D2F71D65CBA300453A17 /* DPTintView.m */,
			);
			path = Utils;
			sourceTree = "<group>";
		};
		F4EA42381D6437F400D3C6D1 /* Category */ = {
			isa = PBXGroup;
			children = (
				F4DB91771D68A6C500A718C8 /* UIViewController+MailComposer.h */,
				F4DB91781D68A6C500A718C8 /* UIViewController+MailComposer.m */,
				F4EA42391D6437F400D3C6D1 /* NSString+DPExtension.h */,
				F4EA423A1D6437F400D3C6D1 /* NSString+DPExtension.m */,
				F4EA423B1D6437F400D3C6D1 /* WSProgressHUD+DPExtension.h */,
				F4EA423C1D6437F400D3C6D1 /* WSProgressHUD+DPExtension.m */,
				F404EF0C1DA200D1004109E9 /* UIViewController+DPExtension.h */,
				F404EF0D1DA200D1004109E9 /* UIViewController+DPExtension.m */,
				F404EF0F1DA26683004109E9 /* UIDevice+DPExtension.h */,
				F404EF101DA26683004109E9 /* UIDevice+DPExtension.m */,
			);
			path = Category;
			sourceTree = "<group>";
		};
		F4EA423D1D6437F400D3C6D1 /* Resources */ = {
			isa = PBXGroup;
			children = (
				F4EA423E1D6437F400D3C6D1 /* Assets.xcassets */,
			);
			path = Resources;
			sourceTree = "<group>";
		};
/* End PBXGroup section */

/* Begin PBXNativeTarget section */
		F4141DBF1D34889A00286585 /* YuXin */ = {
			isa = PBXNativeTarget;
			buildConfigurationList = F4141DED1D34889A00286585 /* Build configuration list for PBXNativeTarget "YuXin" */;
			buildPhases = (
				4B5E4E4DFEA4B63A36BB9518 /* Check Pods Manifest.lock */,
				F4141DBC1D34889A00286585 /* Sources */,
				F4141DBD1D34889A00286585 /* Frameworks */,
				F4141DBE1D34889A00286585 /* Resources */,
				FCD7E0F0B966593FB8DBABF3 /* Embed Pods Frameworks */,
				39BFB3BC80FF481182B8D0E9 /* Copy Pods Resources */,
			);
			buildRules = (
			);
			dependencies = (
			);
			name = YuXin;
			productName = YuXin;
			productReference = F4141DC01D34889A00286585 /* 喻信星空.app */;
			productType = "com.apple.product-type.application";
		};
		F4141DD81D34889A00286585 /* YuXinTests */ = {
			isa = PBXNativeTarget;
			buildConfigurationList = F4141DF01D34889A00286585 /* Build configuration list for PBXNativeTarget "YuXinTests" */;
			buildPhases = (
				F4141DD51D34889A00286585 /* Sources */,
				F4141DD61D34889A00286585 /* Frameworks */,
				F4141DD71D34889A00286585 /* Resources */,
			);
			buildRules = (
			);
			dependencies = (
				F4141DDB1D34889A00286585 /* PBXTargetDependency */,
			);
			name = YuXinTests;
			productName = YuXinTests;
			productReference = F4141DD91D34889A00286585 /* YuXinTests.xctest */;
			productType = "com.apple.product-type.bundle.unit-test";
		};
		F4141DE31D34889A00286585 /* YuXinUITests */ = {
			isa = PBXNativeTarget;
			buildConfigurationList = F4141DF31D34889A00286585 /* Build configuration list for PBXNativeTarget "YuXinUITests" */;
			buildPhases = (
				F4141DE01D34889A00286585 /* Sources */,
				F4141DE11D34889A00286585 /* Frameworks */,
				F4141DE21D34889A00286585 /* Resources */,
			);
			buildRules = (
			);
			dependencies = (
				F4141DE61D34889A00286585 /* PBXTargetDependency */,
			);
			name = YuXinUITests;
			productName = YuXinUITests;
			productReference = F4141DE41D34889A00286585 /* YuXinUITests.xctest */;
			productType = "com.apple.product-type.bundle.ui-testing";
		};
/* End PBXNativeTarget section */

/* Begin PBXProject section */
		F4141DB81D34889A00286585 /* Project object */ = {
			isa = PBXProject;
			attributes = {
				LastUpgradeCheck = 0730;
				ORGANIZATIONNAME = "Dai Pei";
				TargetAttributes = {
					F4141DBF1D34889A00286585 = {
						CreatedOnToolsVersion = 7.3;
						DevelopmentTeam = 3K65359Z5D;
					};
					F4141DD81D34889A00286585 = {
						CreatedOnToolsVersion = 7.3;
						TestTargetID = F4141DBF1D34889A00286585;
					};
					F4141DE31D34889A00286585 = {
						CreatedOnToolsVersion = 7.3;
						TestTargetID = F4141DBF1D34889A00286585;
					};
				};
			};
			buildConfigurationList = F4141DBB1D34889A00286585 /* Build configuration list for PBXProject "YuXin" */;
			compatibilityVersion = "Xcode 3.2";
			developmentRegion = English;
			hasScannedForEncodings = 0;
			knownRegions = (
				en,
				Base,
			);
			mainGroup = F4141DB71D34889A00286585;
			productRefGroup = F4141DC11D34889A00286585 /* Products */;
			projectDirPath = "";
			projectRoot = "";
			targets = (
				F4141DBF1D34889A00286585 /* YuXin */,
				F4141DD81D34889A00286585 /* YuXinTests */,
				F4141DE31D34889A00286585 /* YuXinUITests */,
			);
		};
/* End PBXProject section */

/* Begin PBXResourcesBuildPhase section */
		F4141DBE1D34889A00286585 /* Resources */ = {
			isa = PBXResourcesBuildPhase;
			buildActionMask = 2147483647;
			files = (
				F43AE9671D3773CA0060020F /* LaunchScreen.storyboard in Resources */,
				F4EA42411D6437F400D3C6D1 /* Assets.xcassets in Resources */,
				F4141DCE1D34889A00286585 /* Main.storyboard in Resources */,
			);
			runOnlyForDeploymentPostprocessing = 0;
		};
		F4141DD71D34889A00286585 /* Resources */ = {
			isa = PBXResourcesBuildPhase;
			buildActionMask = 2147483647;
			files = (
			);
			runOnlyForDeploymentPostprocessing = 0;
		};
		F4141DE21D34889A00286585 /* Resources */ = {
			isa = PBXResourcesBuildPhase;
			buildActionMask = 2147483647;
			files = (
			);
			runOnlyForDeploymentPostprocessing = 0;
		};
/* End PBXResourcesBuildPhase section */

/* Begin PBXShellScriptBuildPhase section */
		39BFB3BC80FF481182B8D0E9 /* Copy Pods Resources */ = {
			isa = PBXShellScriptBuildPhase;
			buildActionMask = 2147483647;
			files = (
			);
			inputPaths = (
			);
			name = "Copy Pods Resources";
			outputPaths = (
			);
			runOnlyForDeploymentPostprocessing = 0;
			shellPath = /bin/sh;
			shellScript = "\"${SRCROOT}/Pods/Target Support Files/Pods-YuXin/Pods-YuXin-resources.sh\"\n";
			showEnvVarsInLog = 0;
		};
		4B5E4E4DFEA4B63A36BB9518 /* Check Pods Manifest.lock */ = {
			isa = PBXShellScriptBuildPhase;
			buildActionMask = 2147483647;
			files = (
			);
			inputPaths = (
			);
			name = "Check Pods Manifest.lock";
			outputPaths = (
			);
			runOnlyForDeploymentPostprocessing = 0;
			shellPath = /bin/sh;
			shellScript = "diff \"${PODS_ROOT}/../Podfile.lock\" \"${PODS_ROOT}/Manifest.lock\" > /dev/null\nif [[ $? != 0 ]] ; then\n    cat << EOM\nerror: The sandbox is not in sync with the Podfile.lock. Run 'pod install' or update your CocoaPods installation.\nEOM\n    exit 1\nfi\n";
			showEnvVarsInLog = 0;
		};
		FCD7E0F0B966593FB8DBABF3 /* Embed Pods Frameworks */ = {
			isa = PBXShellScriptBuildPhase;
			buildActionMask = 2147483647;
			files = (
			);
			inputPaths = (
			);
			name = "Embed Pods Frameworks";
			outputPaths = (
			);
			runOnlyForDeploymentPostprocessing = 0;
			shellPath = /bin/sh;
			shellScript = "\"${SRCROOT}/Pods/Target Support Files/Pods-YuXin/Pods-YuXin-frameworks.sh\"\n";
			showEnvVarsInLog = 0;
		};
/* End PBXShellScriptBuildPhase section */

/* Begin PBXSourcesBuildPhase section */
		F4141DBC1D34889A00286585 /* Sources */ = {
			isa = PBXSourcesBuildPhase;
			buildActionMask = 2147483647;
			files = (
				F4B7C47E1D446AFC00E2E92E /* DPProfileItem.m in Sources */,
				F447F1891D56CE3F0079E39E /* DPFriendListCell.m in Sources */,
				F43AE9A51D3872610060020F /* DPLoginViewController.m in Sources */,
				F48EDBD21D62B4540077C731 /* DPPostArticleViewController.m in Sources */,
				F4B7C5091D44822C00E2E92E /* DPTabBar.m in Sources */,
				F43AE9B01D3884AA0060020F /* DPMainViewController.m in Sources */,
				F404EF111DA26683004109E9 /* UIDevice+DPExtension.m in Sources */,
				F43AE9E71D3F61730060020F /* DPBoardCell.m in Sources */,
				F4B7C47D1D446AFC00E2E92E /* DPProfileCell.m in Sources */,
				F43AE9B41D38BA140060020F /* DPArticleTitleViewController.m in Sources */,
				F43AE9B71D38BA8C0060020F /* DPArticleTitleCell.m in Sources */,
				F4141DC81D34889A00286585 /* AppDelegate.m in Sources */,
				F4D6D2F81D65CBA300453A17 /* DPTintView.m in Sources */,
				F43AE9D01D3A076E0060020F /* DPArticleDetailViewController.m in Sources */,
				F4C62DA81D43C7F000538C03 /* DPAllPartCell.m in Sources */,
				F4EA42441D6438FA00D3C6D1 /* DPUserInfoViewController.m in Sources */,
				F43AE9AD1D3884490060020F /* DPLaunchViewController.m in Sources */,
				F43AE96A1D377E1C0060020F /* UserHelper.m in Sources */,
				F4EA42471D64418D00D3C6D1 /* DPUserInfoCell.m in Sources */,
				F448F78E1D44953500BD1E5C /* DPTabBarItem.m in Sources */,
				F4C62DA21D43A93000538C03 /* DPAllPartViewController.m in Sources */,
				F43AE9E41D3F5B290060020F /* DPBoardViewController.m in Sources */,
				F447F1861D56CE040079E39E /* DPFriendListViewController.m in Sources */,
				F43AE9D31D3A07990060020F /* DPArticleDetailCell.m in Sources */,
				F404EF0E1DA200D1004109E9 /* UIViewController+DPExtension.m in Sources */,
				F4EA42401D6437F400D3C6D1 /* WSProgressHUD+DPExtension.m in Sources */,
				F4B7C47F1D446AFC00E2E92E /* DPProfileViewController.m in Sources */,
				F4EA423F1D6437F400D3C6D1 /* NSString+DPExtension.m in Sources */,
				F4C62DA51D43C25E00538C03 /* VVSpringCollectionViewFlowLayout.m in Sources */,
				F4141DC51D34889A00286585 /* main.m in Sources */,
				F4DB91791D68A6C500A718C8 /* UIViewController+MailComposer.m in Sources */,
			);
			runOnlyForDeploymentPostprocessing = 0;
		};
		F4141DD51D34889A00286585 /* Sources */ = {
			isa = PBXSourcesBuildPhase;
			buildActionMask = 2147483647;
			files = (
				F4141DDE1D34889A00286585 /* YuXinTests.m in Sources */,
			);
			runOnlyForDeploymentPostprocessing = 0;
		};
		F4141DE01D34889A00286585 /* Sources */ = {
			isa = PBXSourcesBuildPhase;
			buildActionMask = 2147483647;
			files = (
				F4141DE91D34889A00286585 /* YuXinUITests.m in Sources */,
			);
			runOnlyForDeploymentPostprocessing = 0;
		};
/* End PBXSourcesBuildPhase section */

/* Begin PBXTargetDependency section */
		F4141DDB1D34889A00286585 /* PBXTargetDependency */ = {
			isa = PBXTargetDependency;
			target = F4141DBF1D34889A00286585 /* YuXin */;
			targetProxy = F4141DDA1D34889A00286585 /* PBXContainerItemProxy */;
		};
		F4141DE61D34889A00286585 /* PBXTargetDependency */ = {
			isa = PBXTargetDependency;
			target = F4141DBF1D34889A00286585 /* YuXin */;
			targetProxy = F4141DE51D34889A00286585 /* PBXContainerItemProxy */;
		};
/* End PBXTargetDependency section */

/* Begin PBXVariantGroup section */
		F4141DCC1D34889A00286585 /* Main.storyboard */ = {
			isa = PBXVariantGroup;
			children = (
				F4141DCD1D34889A00286585 /* Base */,
			);
			name = Main.storyboard;
			sourceTree = "<group>";
		};
		F43AE9651D3773CA0060020F /* LaunchScreen.storyboard */ = {
			isa = PBXVariantGroup;
			children = (
				F43AE9661D3773CA0060020F /* Base */,
			);
			name = LaunchScreen.storyboard;
			sourceTree = "<group>";
		};
/* End PBXVariantGroup section */

/* Begin XCBuildConfiguration section */
		F4141DEB1D34889A00286585 /* Debug */ = {
			isa = XCBuildConfiguration;
			buildSettings = {
				ALWAYS_SEARCH_USER_PATHS = NO;
				CLANG_ANALYZER_NONNULL = YES;
				CLANG_CXX_LANGUAGE_STANDARD = "gnu++0x";
				CLANG_CXX_LIBRARY = "libc++";
				CLANG_ENABLE_MODULES = YES;
				CLANG_ENABLE_OBJC_ARC = YES;
				CLANG_WARN_BOOL_CONVERSION = YES;
				CLANG_WARN_CONSTANT_CONVERSION = YES;
				CLANG_WARN_DIRECT_OBJC_ISA_USAGE = YES_ERROR;
				CLANG_WARN_EMPTY_BODY = YES;
				CLANG_WARN_ENUM_CONVERSION = YES;
				CLANG_WARN_INT_CONVERSION = YES;
				CLANG_WARN_OBJC_ROOT_CLASS = YES_ERROR;
				CLANG_WARN_UNREACHABLE_CODE = YES;
				CLANG_WARN__DUPLICATE_METHOD_MATCH = YES;
				"CODE_SIGN_IDENTITY[sdk=iphoneos*]" = "iPhone Developer";
				COPY_PHASE_STRIP = NO;
				DEBUG_INFORMATION_FORMAT = dwarf;
				ENABLE_STRICT_OBJC_MSGSEND = YES;
				ENABLE_TESTABILITY = YES;
				GCC_C_LANGUAGE_STANDARD = gnu99;
				GCC_DYNAMIC_NO_PIC = NO;
				GCC_NO_COMMON_BLOCKS = YES;
				GCC_OPTIMIZATION_LEVEL = 0;
				GCC_PREPROCESSOR_DEFINITIONS = (
					"DEBUG=1",
					"$(inherited)",
				);
				GCC_WARN_64_TO_32_BIT_CONVERSION = YES;
				GCC_WARN_ABOUT_RETURN_TYPE = YES_ERROR;
				GCC_WARN_UNDECLARED_SELECTOR = YES;
				GCC_WARN_UNINITIALIZED_AUTOS = YES_AGGRESSIVE;
				GCC_WARN_UNUSED_FUNCTION = YES;
				GCC_WARN_UNUSED_VARIABLE = YES;
				IPHONEOS_DEPLOYMENT_TARGET = 8.0;
				MTL_ENABLE_DEBUG_INFO = YES;
				ONLY_ACTIVE_ARCH = YES;
				SDKROOT = iphoneos;
				TARGETED_DEVICE_FAMILY = "1,2";
			};
			name = Debug;
		};
		F4141DEC1D34889A00286585 /* Release */ = {
			isa = XCBuildConfiguration;
			buildSettings = {
				ALWAYS_SEARCH_USER_PATHS = NO;
				CLANG_ANALYZER_NONNULL = YES;
				CLANG_CXX_LANGUAGE_STANDARD = "gnu++0x";
				CLANG_CXX_LIBRARY = "libc++";
				CLANG_ENABLE_MODULES = YES;
				CLANG_ENABLE_OBJC_ARC = YES;
				CLANG_WARN_BOOL_CONVERSION = YES;
				CLANG_WARN_CONSTANT_CONVERSION = YES;
				CLANG_WARN_DIRECT_OBJC_ISA_USAGE = YES_ERROR;
				CLANG_WARN_EMPTY_BODY = YES;
				CLANG_WARN_ENUM_CONVERSION = YES;
				CLANG_WARN_INT_CONVERSION = YES;
				CLANG_WARN_OBJC_ROOT_CLASS = YES_ERROR;
				CLANG_WARN_UNREACHABLE_CODE = YES;
				CLANG_WARN__DUPLICATE_METHOD_MATCH = YES;
				"CODE_SIGN_IDENTITY[sdk=iphoneos*]" = "iPhone Developer";
				COPY_PHASE_STRIP = NO;
				DEBUG_INFORMATION_FORMAT = "dwarf-with-dsym";
				ENABLE_NS_ASSERTIONS = NO;
				ENABLE_STRICT_OBJC_MSGSEND = YES;
				GCC_C_LANGUAGE_STANDARD = gnu99;
				GCC_NO_COMMON_BLOCKS = YES;
				GCC_WARN_64_TO_32_BIT_CONVERSION = YES;
				GCC_WARN_ABOUT_RETURN_TYPE = YES_ERROR;
				GCC_WARN_UNDECLARED_SELECTOR = YES;
				GCC_WARN_UNINITIALIZED_AUTOS = YES_AGGRESSIVE;
				GCC_WARN_UNUSED_FUNCTION = YES;
				GCC_WARN_UNUSED_VARIABLE = YES;
				IPHONEOS_DEPLOYMENT_TARGET = 8.0;
				MTL_ENABLE_DEBUG_INFO = NO;
				SDKROOT = iphoneos;
				TARGETED_DEVICE_FAMILY = "1,2";
				VALIDATE_PRODUCT = YES;
			};
			name = Release;
		};
		F4141DEE1D34889A00286585 /* Debug */ = {
			isa = XCBuildConfiguration;
			baseConfigurationReference = A48EDBFA22772AC1E15AF072 /* Pods-YuXin.debug.xcconfig */;
			buildSettings = {
				ASSETCATALOG_COMPILER_APPICON_NAME = AppIcon;
				CODE_SIGN_IDENTITY = "iPhone Developer";
				"CODE_SIGN_IDENTITY[sdk=iphoneos*]" = "iPhone Developer";
				DEVELOPMENT_TEAM = 3K65359Z5D;
				FRAMEWORK_SEARCH_PATHS = (
					"$(inherited)",
					"$(PROJECT_DIR)",
					"$(PROJECT_DIR)/YuXin",
				);
				GCC_PRECOMPILE_PREFIX_HEADER = YES;
				GCC_PREFIX_HEADER = YuXin/Headers/PrefixHeader.pch;
				HEADER_SEARCH_PATHS = (
					"$(inherited)",
					"\"${PODS_ROOT}/Headers/Public\"",
					"\"${PODS_ROOT}/Headers/Public/MJRefresh\"",
					"\"${PODS_ROOT}/Headers/Public/Masonry\"",
					"\"${PODS_ROOT}/Headers/Public/Shimmer\"",
					"\"${PODS_ROOT}/Headers/Public/UITableView+FDTemplateLayoutCell\"",
					"\"${PODS_ROOT}/Headers/Public/WSProgressHUD\"",
					"\"$(SRCROOT)/YuXin/YuXinSDK.framework/Headers\"",
				);
				INFOPLIST_FILE = YuXin/Info.plist;
				IPHONEOS_DEPLOYMENT_TARGET = 8.0;
				LD_RUNPATH_SEARCH_PATHS = "$(inherited) @executable_path/Frameworks";
				OTHER_LDFLAGS = (
					"$(inherited)",
					"-ObjC",
					"-l\"MJRefresh\"",
					"-l\"Masonry\"",
					"-l\"Shimmer\"",
					"-l\"UITableView+FDTemplateLayoutCell\"",
					"-l\"WSProgressHUD\"",
					"-framework",
					"\"CoreGraphics\"",
					"-framework",
					"\"Foundation\"",
					"-framework",
					"\"QuartzCore\"",
					"-framework",
					"\"UIKit\"",
				);
				PRODUCT_BUNDLE_IDENTIFIER = com.dian.yuxin;
				PRODUCT_NAME = "喻信星空";
				PROVISIONING_PROFILE = "";
				TARGETED_DEVICE_FAMILY = 1;
			};
			name = Debug;
		};
		F4141DEF1D34889A00286585 /* Release */ = {
			isa = XCBuildConfiguration;
			baseConfigurationReference = 23AE5F2DA7D8C9AFEDE1C349 /* Pods-YuXin.release.xcconfig */;
			buildSettings = {
				ASSETCATALOG_COMPILER_APPICON_NAME = AppIcon;
				CODE_SIGN_IDENTITY = "iPhone Developer";
				"CODE_SIGN_IDENTITY[sdk=iphoneos*]" = "iPhone Developer";
				DEVELOPMENT_TEAM = 3K65359Z5D;
				FRAMEWORK_SEARCH_PATHS = (
					"$(inherited)",
					"$(PROJECT_DIR)",
					"$(PROJECT_DIR)/YuXin",
				);
				GCC_PRECOMPILE_PREFIX_HEADER = YES;
				GCC_PREFIX_HEADER = YuXin/Headers/PrefixHeader.pch;
				HEADER_SEARCH_PATHS = (
					"$(inherited)",
					"\"${PODS_ROOT}/Headers/Public\"",
					"\"${PODS_ROOT}/Headers/Public/MJRefresh\"",
					"\"${PODS_ROOT}/Headers/Public/Masonry\"",
					"\"${PODS_ROOT}/Headers/Public/Shimmer\"",
					"\"${PODS_ROOT}/Headers/Public/UITableView+FDTemplateLayoutCell\"",
					"\"${PODS_ROOT}/Headers/Public/WSProgressHUD\"",
					"\"$(SRCROOT)/YuXin/YuXinSDK.framework/Headers\"",
				);
				INFOPLIST_FILE = YuXin/Info.plist;
				IPHONEOS_DEPLOYMENT_TARGET = 8.0;
				LD_RUNPATH_SEARCH_PATHS = "$(inherited) @executable_path/Frameworks";
				OTHER_LDFLAGS = (
					"$(inherited)",
					"-ObjC",
					"-l\"MJRefresh\"",
					"-l\"Masonry\"",
					"-l\"Shimmer\"",
					"-l\"UITableView+FDTemplateLayoutCell\"",
					"-l\"WSProgressHUD\"",
					"-framework",
					"\"CoreGraphics\"",
					"-framework",
					"\"Foundation\"",
					"-framework",
					"\"QuartzCore\"",
					"-framework",
					"\"UIKit\"",
				);
				PRODUCT_BUNDLE_IDENTIFIER = com.dian.yuxin;
				PRODUCT_NAME = "喻信星空";
				PROVISIONING_PROFILE = "";
				TARGETED_DEVICE_FAMILY = 1;
			};
			name = Release;
		};
		F4141DF11D34889A00286585 /* Debug */ = {
			isa = XCBuildConfiguration;
			buildSettings = {
				BUNDLE_LOADER = "$(TEST_HOST)";
				INFOPLIST_FILE = YuXinTests/Info.plist;
				LD_RUNPATH_SEARCH_PATHS = "$(inherited) @executable_path/Frameworks @loader_path/Frameworks";
				PRODUCT_BUNDLE_IDENTIFIER = Pinssible.YuXinTests;
				PRODUCT_NAME = "$(TARGET_NAME)";
				TEST_HOST = "$(BUILT_PRODUCTS_DIR)/YuXin.app/YuXin";
			};
			name = Debug;
		};
		F4141DF21D34889A00286585 /* Release */ = {
			isa = XCBuildConfiguration;
			buildSettings = {
				BUNDLE_LOADER = "$(TEST_HOST)";
				INFOPLIST_FILE = YuXinTests/Info.plist;
				LD_RUNPATH_SEARCH_PATHS = "$(inherited) @executable_path/Frameworks @loader_path/Frameworks";
				PRODUCT_BUNDLE_IDENTIFIER = Pinssible.YuXinTests;
				PRODUCT_NAME = "$(TARGET_NAME)";
				TEST_HOST = "$(BUILT_PRODUCTS_DIR)/YuXin.app/YuXin";
			};
			name = Release;
		};
		F4141DF41D34889A00286585 /* Debug */ = {
			isa = XCBuildConfiguration;
			buildSettings = {
				INFOPLIST_FILE = YuXinUITests/Info.plist;
				LD_RUNPATH_SEARCH_PATHS = "$(inherited) @executable_path/Frameworks @loader_path/Frameworks";
				PRODUCT_BUNDLE_IDENTIFIER = Pinssible.YuXinUITests;
				PRODUCT_NAME = "$(TARGET_NAME)";
				TEST_TARGET_NAME = YuXin;
			};
			name = Debug;
		};
		F4141DF51D34889A00286585 /* Release */ = {
			isa = XCBuildConfiguration;
			buildSettings = {
				INFOPLIST_FILE = YuXinUITests/Info.plist;
				LD_RUNPATH_SEARCH_PATHS = "$(inherited) @executable_path/Frameworks @loader_path/Frameworks";
				PRODUCT_BUNDLE_IDENTIFIER = Pinssible.YuXinUITests;
				PRODUCT_NAME = "$(TARGET_NAME)";
				TEST_TARGET_NAME = YuXin;
			};
			name = Release;
		};
/* End XCBuildConfiguration section */

/* Begin XCConfigurationList section */
		F4141DBB1D34889A00286585 /* Build configuration list for PBXProject "YuXin" */ = {
			isa = XCConfigurationList;
			buildConfigurations = (
				F4141DEB1D34889A00286585 /* Debug */,
				F4141DEC1D34889A00286585 /* Release */,
			);
			defaultConfigurationIsVisible = 0;
			defaultConfigurationName = Release;
		};
		F4141DED1D34889A00286585 /* Build configuration list for PBXNativeTarget "YuXin" */ = {
			isa = XCConfigurationList;
			buildConfigurations = (
				F4141DEE1D34889A00286585 /* Debug */,
				F4141DEF1D34889A00286585 /* Release */,
			);
			defaultConfigurationIsVisible = 0;
			defaultConfigurationName = Release;
		};
		F4141DF01D34889A00286585 /* Build configuration list for PBXNativeTarget "YuXinTests" */ = {
			isa = XCConfigurationList;
			buildConfigurations = (
				F4141DF11D34889A00286585 /* Debug */,
				F4141DF21D34889A00286585 /* Release */,
			);
			defaultConfigurationIsVisible = 0;
			defaultConfigurationName = Release;
		};
		F4141DF31D34889A00286585 /* Build configuration list for PBXNativeTarget "YuXinUITests" */ = {
			isa = XCConfigurationList;
			buildConfigurations = (
				F4141DF41D34889A00286585 /* Debug */,
				F4141DF51D34889A00286585 /* Release */,
			);
			defaultConfigurationIsVisible = 0;
			defaultConfigurationName = Release;
		};
/* End XCConfigurationList section */
	};
	rootObject = F4141DB81D34889A00286585 /* Project object */;
}
